
Microsoft Visual Studio Solution File, Format Version 12.00
# Visual Studio Version 17
VisualStudioVersion = 17.11.35327.3
MinimumVisualStudioVersion = 10.0.40219.1
Project("{2150E333-8FDC-42A3-9474-1A3956D46DE8}") = "Application", "Application", "{9AF2998A-3C9B-4AEF-8802-FFBF65B958F1}"
EndProject
Project("{2150E333-8FDC-42A3-9474-1A3956D46DE8}") = "Infra.IoC", "Infra.IoC", "{C5C3F755-881A-4547-85C5-E9DA5195C814}"
EndProject
Project("{2150E333-8FDC-42A3-9474-1A3956D46DE8}") = "Domain", "Domain", "{885E8221-C7E7-4D3D-867F-9F1D97334B04}"
EndProject
Project("{2150E333-8FDC-42A3-9474-1A3956D46DE8}") = "Infra.Data", "Infra.Data", "{5696155B-8329-4FBD-B8FE-3AE01DE86C74}"
EndProject
Project("{2150E333-8FDC-42A3-9474-1A3956D46DE8}") = "Presentation", "Presentation", "{DB7EBF83-718A-4C00-ACA6-6CEBB9A2798E}"
EndProject
Project("{9A19103F-16F7-4668-BE54-9A1E7A4F7556}") = "CleanArch.Mvc", "CleanArch.Mvc\CleanArch.Mvc.csproj", "{15CEC79B-C8B8-4E47-B341-4E0D1FB3DFD8}"
EndProject
Project("{9A19103F-16F7-4668-BE54-9A1E7A4F7556}") = "CleanArch.Domain", "CleanArch.Domain\CleanArch.Domain.csproj", "{A9B82CE9-041B-4ED7-9A27-D35C78CA205C}"
EndProject
Project("{FAE04EC0-301F-11D3-BF4B-00C04F79EFBC}") = "CleanArch.Infra.Data", "CleanArch.Infra.Data\CleanArch.Infra.Data.csproj", "{423B70C8-5B01-4FF4-AF73-97361323009C}"
EndProject
Project("{FAE04EC0-301F-11D3-BF4B-00C04F79EFBC}") = "CleanArch.Application", "CleanArch.Application\CleanArch.Application.csproj", "{34B320A5-5EDE-4A1E-83B1-C99724305339}"
EndProject
Global
	GlobalSection(SolutionConfigurationPlatforms) = preSolution
		Debug|Any CPU = Debug|Any CPU
		Release|Any CPU = Release|Any CPU
	EndGlobalSection
	GlobalSection(ProjectConfigurationPlatforms) = postSolution
		{15CEC79B-C8B8-4E47-B341-4E0D1FB3DFD8}.Debug|Any CPU.ActiveCfg = Debug|Any CPU
		{15CEC79B-C8B8-4E47-B341-4E0D1FB3DFD8}.Debug|Any CPU.Build.0 = Debug|Any CPU
		{15CEC79B-C8B8-4E47-B341-4E0D1FB3DFD8}.Release|Any CPU.ActiveCfg = Release|Any CPU
		{15CEC79B-C8B8-4E47-B341-4E0D1FB3DFD8}.Release|Any CPU.Build.0 = Release|Any CPU
		{A9B82CE9-041B-4ED7-9A27-D35C78CA205C}.Debug|Any CPU.ActiveCfg = Debug|Any CPU
		{A9B82CE9-041B-4ED7-9A27-D35C78CA205C}.Debug|Any CPU.Build.0 = Debug|Any CPU
		{A9B82CE9-041B-4ED7-9A27-D35C78CA205C}.Release|Any CPU.ActiveCfg = Release|Any CPU
		{A9B82CE9-041B-4ED7-9A27-D35C78CA205C}.Release|Any CPU.Build.0 = Release|Any CPU
		{423B70C8-5B01-4FF4-AF73-97361323009C}.Debug|Any CPU.ActiveCfg = Debug|Any CPU
		{423B70C8-5B01-4FF4-AF73-97361323009C}.Debug|Any CPU.Build.0 = Debug|Any CPU
		{423B70C8-5B01-4FF4-AF73-97361323009C}.Release|Any CPU.ActiveCfg = Release|Any CPU
		{423B70C8-5B01-4FF4-AF73-97361323009C}.Release|Any CPU.Build.0 = Release|Any CPU
		{34B320A5-5EDE-4A1E-83B1-C99724305339}.Debug|Any CPU.ActiveCfg = Debug|Any CPU
		{34B320A5-5EDE-4A1E-83B1-C99724305339}.Debug|Any CPU.Build.0 = Debug|Any CPU
		{34B320A5-5EDE-4A1E-83B1-C99724305339}.Release|Any CPU.ActiveCfg = Release|Any CPU
		{34B320A5-5EDE-4A1E-83B1-C99724305339}.Release|Any CPU.Build.0 = Release|Any CPU
	EndGlobalSection
	GlobalSection(SolutionProperties) = preSolution
		HideSolutionNode = FALSE
	EndGlobalSection
	GlobalSection(NestedProjects) = preSolution
		{15CEC79B-C8B8-4E47-B341-4E0D1FB3DFD8} = {DB7EBF83-718A-4C00-ACA6-6CEBB9A2798E}
		{A9B82CE9-041B-4ED7-9A27-D35C78CA205C} = {885E8221-C7E7-4D3D-867F-9F1D97334B04}
		{423B70C8-5B01-4FF4-AF73-97361323009C} = {5696155B-8329-4FBD-B8FE-3AE01DE86C74}
		{34B320A5-5EDE-4A1E-83B1-C99724305339} = {9AF2998A-3C9B-4AEF-8802-FFBF65B958F1}
	EndGlobalSection
	GlobalSection(ExtensibilityGlobals) = postSolution
		SolutionGuid = {FDF07C4B-EA38-48BD-8F03-24125A20C13D}
	EndGlobalSection
EndGlobal
